
Microsoft Visual Studio Solution File, Format Version 12.00
Project("{2150E333-8FDC-42A3-9474-1A3956D46DE8}") = "ContentService", "ContentService", "{166E3357-009F-464B-A509-9214003DFDCA}"
EndProject
Project("{FAE04EC0-301F-11D3-BF4B-00C04F79EFBC}") = "ContentDAL", "ContentDAL\ContentDAL.csproj", "{C54270B4-DCAB-43A5-9350-0182A1F6294B}"
EndProject
Project("{FAE04EC0-301F-11D3-BF4B-00C04F79EFBC}") = "ContentDomain", "ContentDomain\ContentDomain.csproj", "{873EF04E-6D62-4914-817C-B9E39C64A6D4}"
EndProject
Project("{FAE04EC0-301F-11D3-BF4B-00C04F79EFBC}") = "ContentAPI", "ContentAPI\ContentAPI.csproj", "{85BBAF03-5B5B-4F43-98EC-F676994141F2}"
EndProject
Project("{FAE04EC0-301F-11D3-BF4B-00C04F79EFBC}") = "ContentBLL", "ContentBLL\ContentBLL.csproj", "{FBBE3172-571B-44FD-BB53-CE1342CB0690}"
EndProject
Project("{2150E333-8FDC-42A3-9474-1A3956D46DE8}") = "CollaborationService", "CollaborationService", "{FAB4548A-C08F-4E07-A383-E7512E737E39}"
EndProject
Project("{FAE04EC0-301F-11D3-BF4B-00C04F79EFBC}") = "Collaboration.Domain", "Collaboration.Domain\Collaboration.Domain.csproj", "{66E84E29-943D-44E1-8E69-34E760337931}"
EndProject
Project("{FAE04EC0-301F-11D3-BF4B-00C04F79EFBC}") = "Collaboration.Infrastructure", "Collaboration.Infrastructure\Collaboration.Infrastructure.csproj", "{F3454B36-5B98-42FB-A418-FC7D4068A8C9}"
EndProject
Global
	GlobalSection(SolutionConfigurationPlatforms) = preSolution
		Debug|Any CPU = Debug|Any CPU
		Release|Any CPU = Release|Any CPU
	EndGlobalSection
	GlobalSection(ProjectConfigurationPlatforms) = postSolution
		{C54270B4-DCAB-43A5-9350-0182A1F6294B}.Debug|Any CPU.ActiveCfg = Debug|Any CPU
		{C54270B4-DCAB-43A5-9350-0182A1F6294B}.Debug|Any CPU.Build.0 = Debug|Any CPU
		{C54270B4-DCAB-43A5-9350-0182A1F6294B}.Release|Any CPU.ActiveCfg = Release|Any CPU
		{C54270B4-DCAB-43A5-9350-0182A1F6294B}.Release|Any CPU.Build.0 = Release|Any CPU
		{873EF04E-6D62-4914-817C-B9E39C64A6D4}.Debug|Any CPU.ActiveCfg = Debug|Any CPU
		{873EF04E-6D62-4914-817C-B9E39C64A6D4}.Debug|Any CPU.Build.0 = Debug|Any CPU
		{873EF04E-6D62-4914-817C-B9E39C64A6D4}.Release|Any CPU.ActiveCfg = Release|Any CPU
		{873EF04E-6D62-4914-817C-B9E39C64A6D4}.Release|Any CPU.Build.0 = Release|Any CPU
		{85BBAF03-5B5B-4F43-98EC-F676994141F2}.Debug|Any CPU.ActiveCfg = Debug|Any CPU
		{85BBAF03-5B5B-4F43-98EC-F676994141F2}.Debug|Any CPU.Build.0 = Debug|Any CPU
		{85BBAF03-5B5B-4F43-98EC-F676994141F2}.Release|Any CPU.ActiveCfg = Release|Any CPU
		{85BBAF03-5B5B-4F43-98EC-F676994141F2}.Release|Any CPU.Build.0 = Release|Any CPU
		{FBBE3172-571B-44FD-BB53-CE1342CB0690}.Debug|Any CPU.ActiveCfg = Debug|Any CPU
		{FBBE3172-571B-44FD-BB53-CE1342CB0690}.Debug|Any CPU.Build.0 = Debug|Any CPU
		{FBBE3172-571B-44FD-BB53-CE1342CB0690}.Release|Any CPU.ActiveCfg = Release|Any CPU
		{FBBE3172-571B-44FD-BB53-CE1342CB0690}.Release|Any CPU.Build.0 = Release|Any CPU
		{66E84E29-943D-44E1-8E69-34E760337931}.Debug|Any CPU.ActiveCfg = Debug|Any CPU
		{66E84E29-943D-44E1-8E69-34E760337931}.Debug|Any CPU.Build.0 = Debug|Any CPU
		{66E84E29-943D-44E1-8E69-34E760337931}.Release|Any CPU.ActiveCfg = Release|Any CPU
		{66E84E29-943D-44E1-8E69-34E760337931}.Release|Any CPU.Build.0 = Release|Any CPU
		{F3454B36-5B98-42FB-A418-FC7D4068A8C9}.Debug|Any CPU.ActiveCfg = Debug|Any CPU
		{F3454B36-5B98-42FB-A418-FC7D4068A8C9}.Debug|Any CPU.Build.0 = Debug|Any CPU
		{F3454B36-5B98-42FB-A418-FC7D4068A8C9}.Release|Any CPU.ActiveCfg = Release|Any CPU
		{F3454B36-5B98-42FB-A418-FC7D4068A8C9}.Release|Any CPU.Build.0 = Release|Any CPU
	EndGlobalSection
	GlobalSection(NestedProjects) = preSolution
		{C54270B4-DCAB-43A5-9350-0182A1F6294B} = {166E3357-009F-464B-A509-9214003DFDCA}
		{873EF04E-6D62-4914-817C-B9E39C64A6D4} = {166E3357-009F-464B-A509-9214003DFDCA}
		{85BBAF03-5B5B-4F43-98EC-F676994141F2} = {166E3357-009F-464B-A509-9214003DFDCA}
		{FBBE3172-571B-44FD-BB53-CE1342CB0690} = {166E3357-009F-464B-A509-9214003DFDCA}
		{66E84E29-943D-44E1-8E69-34E760337931} = {FAB4548A-C08F-4E07-A383-E7512E737E39}
		{F3454B36-5B98-42FB-A418-FC7D4068A8C9} = {FAB4548A-C08F-4E07-A383-E7512E737E39}
	EndGlobalSection
EndGlobal
